
Microsoft Visual Studio Solution File, Format Version 12.00
# Visual Studio Version 17
VisualStudioVersion = 17.11.35312.102
MinimumVisualStudioVersion = 10.0.40219.1
Project("{FAE04EC0-301F-11D3-BF4B-00C04F79EFBC}") = "BlackBox.Auth.Api", "BlackBox.Auth.Api\BlackBox.Auth.Api.csproj", "{E201EA91-C907-4CA7-9A85-06E0585AD7A4}"
EndProject
Project("{FAE04EC0-301F-11D3-BF4B-00C04F79EFBC}") = "BlackBox.Auth.Application", "BlackBox.Auth.Application\BlackBox.Auth.Application.csproj", "{22B3FBA6-E368-483E-8E7E-69D7867295FD}"
EndProject
Project("{FAE04EC0-301F-11D3-BF4B-00C04F79EFBC}") = "BlackBox.Auth.Domain", "BlackBox.Auth.Domain\BlackBox.Auth.Domain.csproj", "{25D0B688-7D2E-4EBD-9ECA-5DF26F5010D2}"
EndProject
Project("{FAE04EC0-301F-11D3-BF4B-00C04F79EFBC}") = "BlackBox.Auth.Infrastructure", "BlackBox.Auth.Infrastructure\BlackBox.Auth.Infrastructure.csproj", "{17D57EB9-C10D-4860-8833-D9336D6F04B2}"
EndProject
Global
	GlobalSection(SolutionConfigurationPlatforms) = preSolution
		Debug|Any CPU = Debug|Any CPU
		Release|Any CPU = Release|Any CPU
	EndGlobalSection
	GlobalSection(ProjectConfigurationPlatforms) = postSolution
		{E201EA91-C907-4CA7-9A85-06E0585AD7A4}.Debug|Any CPU.ActiveCfg = Debug|Any CPU
		{E201EA91-C907-4CA7-9A85-06E0585AD7A4}.Debug|Any CPU.Build.0 = Debug|Any CPU
		{E201EA91-C907-4CA7-9A85-06E0585AD7A4}.Release|Any CPU.ActiveCfg = Release|Any CPU
		{E201EA91-C907-4CA7-9A85-06E0585AD7A4}.Release|Any CPU.Build.0 = Release|Any CPU
		{22B3FBA6-E368-483E-8E7E-69D7867295FD}.Debug|Any CPU.ActiveCfg = Debug|Any CPU
		{22B3FBA6-E368-483E-8E7E-69D7867295FD}.Debug|Any CPU.Build.0 = Debug|Any CPU
		{22B3FBA6-E368-483E-8E7E-69D7867295FD}.Release|Any CPU.ActiveCfg = Release|Any CPU
		{22B3FBA6-E368-483E-8E7E-69D7867295FD}.Release|Any CPU.Build.0 = Release|Any CPU
		{25D0B688-7D2E-4EBD-9ECA-5DF26F5010D2}.Debug|Any CPU.ActiveCfg = Debug|Any CPU
		{25D0B688-7D2E-4EBD-9ECA-5DF26F5010D2}.Debug|Any CPU.Build.0 = Debug|Any CPU
		{25D0B688-7D2E-4EBD-9ECA-5DF26F5010D2}.Release|Any CPU.ActiveCfg = Release|Any CPU
		{25D0B688-7D2E-4EBD-9ECA-5DF26F5010D2}.Release|Any CPU.Build.0 = Release|Any CPU
		{17D57EB9-C10D-4860-8833-D9336D6F04B2}.Debug|Any CPU.ActiveCfg = Debug|Any CPU
		{17D57EB9-C10D-4860-8833-D9336D6F04B2}.Debug|Any CPU.Build.0 = Debug|Any CPU
		{17D57EB9-C10D-4860-8833-D9336D6F04B2}.Release|Any CPU.ActiveCfg = Release|Any CPU
		{17D57EB9-C10D-4860-8833-D9336D6F04B2}.Release|Any CPU.Build.0 = Release|Any CPU
	EndGlobalSection
	GlobalSection(SolutionProperties) = preSolution
		HideSolutionNode = FALSE
	EndGlobalSection
	GlobalSection(ExtensibilityGlobals) = postSolution
		SolutionGuid = {417D473F-E854-44B1-9C83-DD2F331DE6D3}
	EndGlobalSection
EndGlobal
